
Microsoft Visual Studio Solution File, Format Version 12.00
# Visual Studio Version 17
VisualStudioVersion = 17.8.34511.84
MinimumVisualStudioVersion = 10.0.40219.1
Project("{FAE04EC0-301F-11D3-BF4B-00C04F79EFBC}") = "KlasserTillXml", "KlasserTillXml.csproj", "{F2BB56AF-4F2F-4063-A69B-88588639CB20}"
EndProject
Global
	GlobalSection(SolutionConfigurationPlatforms) = preSolution
		Debug|Any CPU = Debug|Any CPU
		Release|Any CPU = Release|Any CPU
	EndGlobalSection
	GlobalSection(ProjectConfigurationPlatforms) = postSolution
		{F2BB56AF-4F2F-4063-A69B-88588639CB20}.Debug|Any CPU.ActiveCfg = Debug|Any CPU
		{F2BB56AF-4F2F-4063-A69B-88588639CB20}.Debug|Any CPU.Build.0 = Debug|Any CPU
		{F2BB56AF-4F2F-4063-A69B-88588639CB20}.Release|Any CPU.ActiveCfg = Release|Any CPU
		{F2BB56AF-4F2F-4063-A69B-88588639CB20}.Release|Any CPU.Build.0 = Release|Any CPU
	EndGlobalSection
	GlobalSection(SolutionProperties) = preSolution
		HideSolutionNode = FALSE
	EndGlobalSection
	GlobalSection(ExtensibilityGlobals) = postSolution
		SolutionGuid = {A132A325-FA45-4DE0-82C6-A4F9414A0E02}
	EndGlobalSection
EndGlobal
